
Microsoft Visual Studio Solution File, Format Version 12.00
# Visual Studio Version 17
VisualStudioVersion = 17.11.35312.102
MinimumVisualStudioVersion = 10.0.40219.1
Project("{FAE04EC0-301F-11D3-BF4B-00C04F79EFBC}") = "SignalRApi", "SignalRApi\SignalRApi.csproj", "{6452E3CF-FF25-4112-8C2B-3935D72B4F8C}"
EndProject
Project("{FAE04EC0-301F-11D3-BF4B-00C04F79EFBC}") = "SignalRWebUI", "SignalRWebUI\SignalRWebUI.csproj", "{C664C46D-0F5E-4A42-8897-2969528D5551}"
EndProject
Project("{FAE04EC0-301F-11D3-BF4B-00C04F79EFBC}") = "SignalR.EntityLayer", "SignalR.EntityLayer\SignalR.EntityLayer.csproj", "{55738C64-A943-4422-B2DD-EA8B5C631C98}"
EndProject
Global
	GlobalSection(SolutionConfigurationPlatforms) = preSolution
		Debug|Any CPU = Debug|Any CPU
		Release|Any CPU = Release|Any CPU
	EndGlobalSection
	GlobalSection(ProjectConfigurationPlatforms) = postSolution
		{6452E3CF-FF25-4112-8C2B-3935D72B4F8C}.Debug|Any CPU.ActiveCfg = Debug|Any CPU
		{6452E3CF-FF25-4112-8C2B-3935D72B4F8C}.Debug|Any CPU.Build.0 = Debug|Any CPU
		{6452E3CF-FF25-4112-8C2B-3935D72B4F8C}.Release|Any CPU.ActiveCfg = Release|Any CPU
		{6452E3CF-FF25-4112-8C2B-3935D72B4F8C}.Release|Any CPU.Build.0 = Release|Any CPU
		{C664C46D-0F5E-4A42-8897-2969528D5551}.Debug|Any CPU.ActiveCfg = Debug|Any CPU
		{C664C46D-0F5E-4A42-8897-2969528D5551}.Debug|Any CPU.Build.0 = Debug|Any CPU
		{C664C46D-0F5E-4A42-8897-2969528D5551}.Release|Any CPU.ActiveCfg = Release|Any CPU
		{C664C46D-0F5E-4A42-8897-2969528D5551}.Release|Any CPU.Build.0 = Release|Any CPU
		{55738C64-A943-4422-B2DD-EA8B5C631C98}.Debug|Any CPU.ActiveCfg = Debug|Any CPU
		{55738C64-A943-4422-B2DD-EA8B5C631C98}.Debug|Any CPU.Build.0 = Debug|Any CPU
		{55738C64-A943-4422-B2DD-EA8B5C631C98}.Release|Any CPU.ActiveCfg = Release|Any CPU
		{55738C64-A943-4422-B2DD-EA8B5C631C98}.Release|Any CPU.Build.0 = Release|Any CPU
	EndGlobalSection
	GlobalSection(SolutionProperties) = preSolution
		HideSolutionNode = FALSE
	EndGlobalSection
	GlobalSection(ExtensibilityGlobals) = postSolution
		SolutionGuid = {C9CC6AC8-6EBC-4C67-8052-08624B97B9BD}
	EndGlobalSection
EndGlobal
